// !$*UTF8*$!
{
	archiveVersion = 1;
	classes = {
	};
	objectVersion = 50;
	objects = {

/* Begin PBXBuildFile section */
		2CFDFD2C267BABBE00B5C09D /* AppDelegate.swift in Sources */ = {isa = PBXBuildFile; fileRef = 2CFDFD2B267BABBE00B5C09D /* AppDelegate.swift */; };
		2CFDFD2E267BABBE00B5C09D /* SceneDelegate.swift in Sources */ = {isa = PBXBuildFile; fileRef = 2CFDFD2D267BABBE00B5C09D /* SceneDelegate.swift */; };
		2CFDFD30267BABBE00B5C09D /* ViewController.swift in Sources */ = {isa = PBXBuildFile; fileRef = 2CFDFD2F267BABBE00B5C09D /* ViewController.swift */; };
		2CFDFD33267BABBE00B5C09D /* Main.storyboard in Resources */ = {isa = PBXBuildFile; fileRef = 2CFDFD31267BABBE00B5C09D /* Main.storyboard */; };
		2CFDFD35267BABC100B5C09D /* Assets.xcassets in Resources */ = {isa = PBXBuildFile; fileRef = 2CFDFD34267BABC100B5C09D /* Assets.xcassets */; };
		2CFDFD38267BABC100B5C09D /* LaunchScreen.storyboard in Resources */ = {isa = PBXBuildFile; fileRef = 2CFDFD36267BABC100B5C09D /* LaunchScreen.storyboard */; };
/* End PBXBuildFile section */

/* Begin PBXFileReference section */
		2CFDFD28267BABBE00B5C09D /* Vibe.app */ = {isa = PBXFileReference; explicitFileType = wrapper.application; includeInIndex = 0; path = Vibe.app; sourceTree = BUILT_PRODUCTS_DIR; };
		2CFDFD2B267BABBE00B5C09D /* AppDelegate.swift */ = {isa = PBXFileReference; lastKnownFileType = sourcecode.swift; path = AppDelegate.swift; sourceTree = "<group>"; };
		2CFDFD2D267BABBE00B5C09D /* SceneDelegate.swift */ = {isa = PBXFileReference; lastKnownFileType = sourcecode.swift; path = SceneDelegate.swift; sourceTree = "<group>"; };
		2CFDFD2F267BABBE00B5C09D /* ViewController.swift */ = {isa = PBXFileReference; lastKnownFileType = sourcecode.swift; path = ViewController.swift; sourceTree = "<group>"; };
		2CFDFD32267BABBE00B5C09D /* Base */ = {isa = PBXFileReference; lastKnownFileType = file.storyboard; name = Base; path = Base.lproj/Main.storyboard; sourceTree = "<group>"; };
		2CFDFD34267BABC100B5C09D /* Assets.xcassets */ = {isa = PBXFileReference; lastKnownFileType = folder.assetcatalog; path = Assets.xcassets; sourceTree = "<group>"; };
		2CFDFD37267BABC100B5C09D /* Base */ = {isa = PBXFileReference; lastKnownFileType = file.storyboard; name = Base; path = Base.lproj/LaunchScreen.storyboard; sourceTree = "<group>"; };
		2CFDFD39267BABC100B5C09D /* Info.plist */ = {isa = PBXFileReference; lastKnownFileType = text.plist.xml; path = Info.plist; sourceTree = "<group>"; };
/* End PBXFileReference section */

/* Begin PBXFrameworksBuildPhase section */
		2CFDFD25267BABBE00B5C09D /* Frameworks */ = {
			isa = PBXFrameworksBuildPhase;
			buildActionMask = 2147483647;
			files = (
			);
			runOnlyForDeploymentPostprocessing = 0;
		};
/* End PBXFrameworksBuildPhase section */

/* Begin PBXGroup section */
		2CFDFD1F267BABBE00B5C09D = {
			isa = PBXGroup;
			children = (
				2CFDFD2A267BABBE00B5C09D /* Vibe */,
				2CFDFD29267BABBE00B5C09D /* Products */,
			);
			sourceTree = "<group>";
		};
		2CFDFD29267BABBE00B5C09D /* Products */ = {
			isa = PBXGroup;
			children = (
				2CFDFD28267BABBE00B5C09D /* Vibe.app */,
			);
			name = Products;
			sourceTree = "<group>";
		};
		2CFDFD2A267BABBE00B5C09D /* Vibe */ = {
			isa = PBXGroup;
			children = (
				2CFDFD2B267BABBE00B5C09D /* AppDelegate.swift */,
				2CFDFD2D267BABBE00B5C09D /* SceneDelegate.swift */,
				2CFDFD2F267BABBE00B5C09D /* ViewController.swift */,
				2CFDFD31267BABBE00B5C09D /* Main.storyboard */,
				2CFDFD34267BABC100B5C09D /* Assets.xcassets */,
				2CFDFD36267BABC100B5C09D /* LaunchScreen.storyboard */,
				2CFDFD39267BABC100B5C09D /* Info.plist */,
			);
			path = Vibe;
			sourceTree = "<group>";
		};
/* End PBXGroup section */

/* Begin PBXNativeTarget section */
		2CFDFD27267BABBE00B5C09D /* Vibe */ = {
			isa = PBXNativeTarget;
			buildConfigurationList = 2CFDFD3C267BABC100B5C09D /* Build configuration list for PBXNativeTarget "Vibe" */;
			buildPhases = (
				2CFDFD24267BABBE00B5C09D /* Sources */,
				2CFDFD25267BABBE00B5C09D /* Frameworks */,
				2CFDFD26267BABBE00B5C09D /* Resources */,
			);
			buildRules = (
			);
			dependencies = (
			);
			name = Vibe;
			productName = Vibe;
			productReference = 2CFDFD28267BABBE00B5C09D /* Vibe.app */;
			productType = "com.apple.product-type.application";
		};
/* End PBXNativeTarget section */

/* Begin PBXProject section */
		2CFDFD20267BABBE00B5C09D /* Project object */ = {
			isa = PBXProject;
			attributes = {
				LastSwiftUpdateCheck = 1240;
				LastUpgradeCheck = 1240;
				TargetAttributes = {
					2CFDFD27267BABBE00B5C09D = {
						CreatedOnToolsVersion = 12.4;
					};
				};
			};
			buildConfigurationList = 2CFDFD23267BABBE00B5C09D /* Build configuration list for PBXProject "Vibe" */;
			compatibilityVersion = "Xcode 9.3";
			developmentRegion = en;
			hasScannedForEncodings = 0;
			knownRegions = (
				en,
				Base,
			);
			mainGroup = 2CFDFD1F267BABBE00B5C09D;
			productRefGroup = 2CFDFD29267BABBE00B5C09D /* Products */;
			projectDirPath = "";
			projectRoot = "";
			targets = (
				2CFDFD27267BABBE00B5C09D /* Vibe */,
			);
		};
/* End PBXProject section */

/* Begin PBXResourcesBuildPhase section */
		2CFDFD26267BABBE00B5C09D /* Resources */ = {
			isa = PBXResourcesBuildPhase;
			buildActionMask = 2147483647;
			files = (
				2CFDFD38267BABC100B5C09D /* LaunchScreen.storyboard in Resources */,
				2CFDFD35267BABC100B5C09D /* Assets.xcassets in Resources */,
				2CFDFD33267BABBE00B5C09D /* Main.storyboard in Resources */,
			);
			runOnlyForDeploymentPostprocessing = 0;
		};
/* End PBXResourcesBuildPhase section */

/* Begin PBXSourcesBuildPhase section */
		2CFDFD24267BABBE00B5C09D /* Sources */ = {
			isa = PBXSourcesBuildPhase;
			buildActionMask = 2147483647;
			files = (
				2CFDFD30267BABBE00B5C09D /* ViewController.swift in Sources */,
				2CFDFD2C267BABBE00B5C09D /* AppDelegate.swift in Sources */,
				2CFDFD2E267BABBE00B5C09D /* SceneDelegate.swift in Sources */,
			);
			runOnlyForDeploymentPostprocessing = 0;
		};
/* End PBXSourcesBuildPhase section */

/* Begin PBXVariantGroup section */
		2CFDFD31267BABBE00B5C09D /* Main.storyboard */ = {
			isa = PBXVariantGroup;
			children = (
				2CFDFD32267BABBE00B5C09D /* Base */,
			);
			name = Main.storyboard;
			sourceTree = "<group>";
		};
		2CFDFD36267BABC100B5C09D /* LaunchScreen.storyboard */ = {
			isa = PBXVariantGroup;
			children = (
				2CFDFD37267BABC100B5C09D /* Base */,
			);
			name = LaunchScreen.storyboard;
			sourceTree = "<group>";
		};
/* End PBXVariantGroup section */

/* Begin XCBuildConfiguration section */
		2CFDFD3A267BABC100B5C09D /* Debug */ = {
			isa = XCBuildConfiguration;
			buildSettings = {
				ALWAYS_SEARCH_USER_PATHS = NO;
				CLANG_ANALYZER_NONNULL = YES;
				CLANG_ANALYZER_NUMBER_OBJECT_CONVERSION = YES_AGGRESSIVE;
				CLANG_CXX_LANGUAGE_STANDARD = "gnu++14";
				CLANG_CXX_LIBRARY = "libc++";
				CLANG_ENABLE_MODULES = YES;
				CLANG_ENABLE_OBJC_ARC = YES;
				CLANG_ENABLE_OBJC_WEAK = YES;
				CLANG_WARN_BLOCK_CAPTURE_AUTORELEASING = YES;
				CLANG_WARN_BOOL_CONVERSION = YES;
				CLANG_WARN_COMMA = YES;
				CLANG_WARN_CONSTANT_CONVERSION = YES;
				CLANG_WARN_DEPRECATED_OBJC_IMPLEMENTATIONS = YES;
				CLANG_WARN_DIRECT_OBJC_ISA_USAGE = YES_ERROR;
				CLANG_WARN_DOCUMENTATION_COMMENTS = YES;
				CLANG_WARN_EMPTY_BODY = YES;
				CLANG_WARN_ENUM_CONVERSION = YES;
				CLANG_WARN_INFINITE_RECURSION = YES;
				CLANG_WARN_INT_CONVERSION = YES;
				CLANG_WARN_NON_LITERAL_NULL_CONVERSION = YES;
				CLANG_WARN_OBJC_IMPLICIT_RETAIN_SELF = YES;
				CLANG_WARN_OBJC_LITERAL_CONVERSION = YES;
				CLANG_WARN_OBJC_ROOT_CLASS = YES_ERROR;
				CLANG_WARN_QUOTED_INCLUDE_IN_FRAMEWORK_HEADER = YES;
				CLANG_WARN_RANGE_LOOP_ANALYSIS = YES;
				CLANG_WARN_STRICT_PROTOTYPES = YES;
				CLANG_WARN_SUSPICIOUS_MOVE = YES;
				CLANG_WARN_UNGUARDED_AVAILABILITY = YES_AGGRESSIVE;
				CLANG_WARN_UNREACHABLE_CODE = YES;
				CLANG_WARN__DUPLICATE_METHOD_MATCH = YES;
				COPY_PHASE_STRIP = NO;
				DEBUG_INFORMATION_FORMAT = dwarf;
				ENABLE_STRICT_OBJC_MSGSEND = YES;
				ENABLE_TESTABILITY = YES;
				GCC_C_LANGUAGE_STANDARD = gnu11;
				GCC_DYNAMIC_NO_PIC = NO;
				GCC_NO_COMMON_BLOCKS = YES;
				GCC_OPTIMIZATION_LEVEL = 0;
				GCC_PREPROCESSOR_DEFINITIONS = (
					"DEBUG=1",
					"$(inherited)",
				);
				GCC_WARN_64_TO_32_BIT_CONVERSION = YES;
				GCC_WARN_ABOUT_RETURN_TYPE = YES_ERROR;
				GCC_WARN_UNDECLARED_SELECTOR = YES;
				GCC_WARN_UNINITIALIZED_AUTOS = YES_AGGRESSIVE;
				GCC_WARN_UNUSED_FUNCTION = YES;
				GCC_WARN_UNUSED_VARIABLE = YES;
				IPHONEOS_DEPLOYMENT_TARGET = 14.4;
				MTL_ENABLE_DEBUG_INFO = INCLUDE_SOURCE;
				MTL_FAST_MATH = YES;
				ONLY_ACTIVE_ARCH = YES;
				SDKROOT = iphoneos;
				SWIFT_ACTIVE_COMPILATION_CONDITIONS = DEBUG;
				SWIFT_OPTIMIZATION_LEVEL = "-Onone";
			};
			name = Debug;
		};
		2CFDFD3B267BABC100B5C09D /* Release */ = {
			isa = XCBuildConfiguration;
			buildSettings = {
				ALWAYS_SEARCH_USER_PATHS = NO;
				CLANG_ANALYZER_NONNULL = YES;
				CLANG_ANALYZER_NUMBER_OBJECT_CONVERSION = YES_AGGRESSIVE;
				CLANG_CXX_LANGUAGE_STANDARD = "gnu++14";
				CLANG_CXX_LIBRARY = "libc++";
				CLANG_ENABLE_MODULES = YES;
				CLANG_ENABLE_OBJC_ARC = YES;
				CLANG_ENABLE_OBJC_WEAK = YES;
				CLANG_WARN_BLOCK_CAPTURE_AUTORELEASING = YES;
				CLANG_WARN_BOOL_CONVERSION = YES;
				CLANG_WARN_COMMA = YES;
				CLANG_WARN_CONSTANT_CONVERSION = YES;
				CLANG_WARN_DEPRECATED_OBJC_IMPLEMENTATIONS = YES;
				CLANG_WARN_DIRECT_OBJC_ISA_USAGE = YES_ERROR;
				CLANG_WARN_DOCUMENTATION_COMMENTS = YES;
				CLANG_WARN_EMPTY_BODY = YES;
				CLANG_WARN_ENUM_CONVERSION = YES;
				CLANG_WARN_INFINITE_RECURSION = YES;
				CLANG_WARN_INT_CONVERSION = YES;
				CLANG_WARN_NON_LITERAL_NULL_CONVERSION = YES;
				CLANG_WARN_OBJC_IMPLICIT_RETAIN_SELF = YES;
				CLANG_WARN_OBJC_LITERAL_CONVERSION = YES;
				CLANG_WARN_OBJC_ROOT_CLASS = YES_ERROR;
				CLANG_WARN_QUOTED_INCLUDE_IN_FRAMEWORK_HEADER = YES;
				CLANG_WARN_RANGE_LOOP_ANALYSIS = YES;
				CLANG_WARN_STRICT_PROTOTYPES = YES;
				CLANG_WARN_SUSPICIOUS_MOVE = YES;
				CLANG_WARN_UNGUARDED_AVAILABILITY = YES_AGGRESSIVE;
				CLANG_WARN_UNREACHABLE_CODE = YES;
				CLANG_WARN__DUPLICATE_METHOD_MATCH = YES;
				COPY_PHASE_STRIP = NO;
				DEBUG_INFORMATION_FORMAT = "dwarf-with-dsym";
				ENABLE_NS_ASSERTIONS = NO;
				ENABLE_STRICT_OBJC_MSGSEND = YES;
				GCC_C_LANGUAGE_STANDARD = gnu11;
				GCC_NO_COMMON_BLOCKS = YES;
				GCC_WARN_64_TO_32_BIT_CONVERSION = YES;
				GCC_WARN_ABOUT_RETURN_TYPE = YES_ERROR;
				GCC_WARN_UNDECLARED_SELECTOR = YES;
				GCC_WARN_UNINITIALIZED_AUTOS = YES_AGGRESSIVE;
				GCC_WARN_UNUSED_FUNCTION = YES;
				GCC_WARN_UNUSED_VARIABLE = YES;
				IPHONEOS_DEPLOYMENT_TARGET = 14.4;
				MTL_ENABLE_DEBUG_INFO = NO;
				MTL_FAST_MATH = YES;
				SDKROOT = iphoneos;
				SWIFT_COMPILATION_MODE = wholemodule;
				SWIFT_OPTIMIZATION_LEVEL = "-O";
				VALIDATE_PRODUCT = YES;
			};
			name = Release;
		};
		2CFDFD3D267BABC100B5C09D /* Debug */ = {
			isa = XCBuildConfiguration;
			buildSettings = {
				ASSETCATALOG_COMPILER_APPICON_NAME = AppIcon;
				ASSETCATALOG_COMPILER_GLOBAL_ACCENT_COLOR_NAME = AccentColor;
				CODE_SIGN_STYLE = Automatic;
				DEVELOPMENT_TEAM = H8WFQ9GJF6;
				INFOPLIST_FILE = Vibe/Info.plist;
				LD_RUNPATH_SEARCH_PATHS = (
					"$(inherited)",
					"@executable_path/Frameworks",
				);
				PRODUCT_BUNDLE_IDENTIFIER = "com.ivaanteo-.Vibe";
				PRODUCT_NAME = "$(TARGET_NAME)";
				SWIFT_VERSION = 5.0;
				TARGETED_DEVICE_FAMILY = "1,2";
			};
			name = Debug;
		};
		2CFDFD3E267BABC100B5C09D /* Release */ = {
			isa = XCBuildConfiguration;
			buildSettings = {
				ASSETCATALOG_COMPILER_APPICON_NAME = AppIcon;
				ASSETCATALOG_COMPILER_GLOBAL_ACCENT_COLOR_NAME = AccentColor;
				CODE_SIGN_STYLE = Automatic;
				DEVELOPMENT_TEAM = H8WFQ9GJF6;
				INFOPLIST_FILE = Vibe/Info.plist;
				LD_RUNPATH_SEARCH_PATHS = (
					"$(inherited)",
					"@executable_path/Frameworks",
				);
				PRODUCT_BUNDLE_IDENTIFIER = "com.ivaanteo-.Vibe";
				PRODUCT_NAME = "$(TARGET_NAME)";
				SWIFT_VERSION = 5.0;
				TARGETED_DEVICE_FAMILY = "1,2";
			};
			name = Release;
		};
/* End XCBuildConfiguration section */

/* Begin XCConfigurationList section */
		2CFDFD23267BABBE00B5C09D /* Build configuration list for PBXProject "Vibe" */ = {
			isa = XCConfigurationList;
			buildConfigurations = (
				2CFDFD3A267BABC100B5C09D /* Debug */,
				2CFDFD3B267BABC100B5C09D /* Release */,
			);
			defaultConfigurationIsVisible = 0;
			defaultConfigurationName = Release;
		};
		2CFDFD3C267BABC100B5C09D /* Build configuration list for PBXNativeTarget "Vibe" */ = {
			isa = XCConfigurationList;
			buildConfigurations = (
				2CFDFD3D267BABC100B5C09D /* Debug */,
				2CFDFD3E267BABC100B5C09D /* Release */,
			);
			defaultConfigurationIsVisible = 0;
			defaultConfigurationName = Release;
		};
/* End XCConfigurationList section */
	};
	rootObject = 2CFDFD20267BABBE00B5C09D /* Project object */;
}
